
Microsoft Visual Studio Solution File, Format Version 12.00
# Visual Studio 14
VisualStudioVersion = 14.0.25420.1
MinimumVisualStudioVersion = 10.0.40219.1
Project("{FAE04EC0-301F-11D3-BF4B-00C04F79EFBC}") = "Mikhalev_Nikolay_Task1", "Mikhalev_Nikolay_Task1\Mikhalev_Nikolay_Task1.csproj", "{DBCA42CD-CD3E-481E-89E5-37C3F91D0205}"
EndProject
Project("{FAE04EC0-301F-11D3-BF4B-00C04F79EFBC}") = "Mikhalev_Nikolay_Task2", "Mikhalev_Nikolay_Task2\Mikhalev_Nikolay_Task2.csproj", "{3EA8470D-2C70-4B2C-A3BE-43DF0D83451D}"
EndProject
Global
	GlobalSection(SolutionConfigurationPlatforms) = preSolution
		Debug|Any CPU = Debug|Any CPU
		Release|Any CPU = Release|Any CPU
	EndGlobalSection
	GlobalSection(ProjectConfigurationPlatforms) = postSolution
		{DBCA42CD-CD3E-481E-89E5-37C3F91D0205}.Debug|Any CPU.ActiveCfg = Debug|Any CPU
		{DBCA42CD-CD3E-481E-89E5-37C3F91D0205}.Debug|Any CPU.Build.0 = Debug|Any CPU
		{DBCA42CD-CD3E-481E-89E5-37C3F91D0205}.Release|Any CPU.ActiveCfg = Release|Any CPU
		{DBCA42CD-CD3E-481E-89E5-37C3F91D0205}.Release|Any CPU.Build.0 = Release|Any CPU
		{3EA8470D-2C70-4B2C-A3BE-43DF0D83451D}.Debug|Any CPU.ActiveCfg = Debug|Any CPU
		{3EA8470D-2C70-4B2C-A3BE-43DF0D83451D}.Debug|Any CPU.Build.0 = Debug|Any CPU
		{3EA8470D-2C70-4B2C-A3BE-43DF0D83451D}.Release|Any CPU.ActiveCfg = Release|Any CPU
		{3EA8470D-2C70-4B2C-A3BE-43DF0D83451D}.Release|Any CPU.Build.0 = Release|Any CPU
	EndGlobalSection
	GlobalSection(SolutionProperties) = preSolution
		HideSolutionNode = FALSE
	EndGlobalSection
EndGlobal
