
Microsoft Visual Studio Solution File, Format Version 12.00
# Visual Studio 14
VisualStudioVersion = 14.0.25420.1
MinimumVisualStudioVersion = 10.0.40219.1
Project("{FAE04EC0-301F-11D3-BF4B-00C04F79EFBC}") = "Mikhalev_Nikolay_Task1", "Mikhalev_Nikolay_Task1\Mikhalev_Nikolay_Task1.csproj", "{A4D12E69-9EA6-4EC6-88B0-24CF4B0A84EA}"
EndProject
Project("{FAE04EC0-301F-11D3-BF4B-00C04F79EFBC}") = "Mikhalev_Nikolay_Task2", "Mikhalev_Nikolay_Task2\Mikhalev_Nikolay_Task2.csproj", "{8D6B0C7F-B1FD-4F33-BE4B-F062BE8A34B5}"
EndProject
Project("{FAE04EC0-301F-11D3-BF4B-00C04F79EFBC}") = "Mikhalev_Nikolay_Task3", "Mikhalev_Nikolay_Task3\Mikhalev_Nikolay_Task3.csproj", "{9043B418-5748-4641-BC6D-FEBF140165C3}"
EndProject
Global
	GlobalSection(SolutionConfigurationPlatforms) = preSolution
		Debug|Any CPU = Debug|Any CPU
		Release|Any CPU = Release|Any CPU
	EndGlobalSection
	GlobalSection(ProjectConfigurationPlatforms) = postSolution
		{A4D12E69-9EA6-4EC6-88B0-24CF4B0A84EA}.Debug|Any CPU.ActiveCfg = Debug|Any CPU
		{A4D12E69-9EA6-4EC6-88B0-24CF4B0A84EA}.Debug|Any CPU.Build.0 = Debug|Any CPU
		{A4D12E69-9EA6-4EC6-88B0-24CF4B0A84EA}.Release|Any CPU.ActiveCfg = Release|Any CPU
		{A4D12E69-9EA6-4EC6-88B0-24CF4B0A84EA}.Release|Any CPU.Build.0 = Release|Any CPU
		{8D6B0C7F-B1FD-4F33-BE4B-F062BE8A34B5}.Debug|Any CPU.ActiveCfg = Debug|Any CPU
		{8D6B0C7F-B1FD-4F33-BE4B-F062BE8A34B5}.Debug|Any CPU.Build.0 = Debug|Any CPU
		{8D6B0C7F-B1FD-4F33-BE4B-F062BE8A34B5}.Release|Any CPU.ActiveCfg = Release|Any CPU
		{8D6B0C7F-B1FD-4F33-BE4B-F062BE8A34B5}.Release|Any CPU.Build.0 = Release|Any CPU
		{9043B418-5748-4641-BC6D-FEBF140165C3}.Debug|Any CPU.ActiveCfg = Debug|Any CPU
		{9043B418-5748-4641-BC6D-FEBF140165C3}.Debug|Any CPU.Build.0 = Debug|Any CPU
		{9043B418-5748-4641-BC6D-FEBF140165C3}.Release|Any CPU.ActiveCfg = Release|Any CPU
		{9043B418-5748-4641-BC6D-FEBF140165C3}.Release|Any CPU.Build.0 = Release|Any CPU
	EndGlobalSection
	GlobalSection(SolutionProperties) = preSolution
		HideSolutionNode = FALSE
	EndGlobalSection
EndGlobal
