
Microsoft Visual Studio Solution File, Format Version 12.00
# Visual Studio 14
VisualStudioVersion = 14.0.25420.1
MinimumVisualStudioVersion = 10.0.40219.1
Project("{FAE04EC0-301F-11D3-BF4B-00C04F79EFBC}") = "Mikhalev_Nikolay_Task1", "Mikhalev_Nikolay_Task1\Mikhalev_Nikolay_Task1.csproj", "{BB163237-684A-4657-AE64-4F1B4BA226C0}"
EndProject
Project("{FAE04EC0-301F-11D3-BF4B-00C04F79EFBC}") = "Task2", "Task2\Task2.csproj", "{AF1A8ADD-1C6A-4A28-B765-914601234AFC}"
EndProject
Global
	GlobalSection(SolutionConfigurationPlatforms) = preSolution
		Debug|Any CPU = Debug|Any CPU
		Release|Any CPU = Release|Any CPU
	EndGlobalSection
	GlobalSection(ProjectConfigurationPlatforms) = postSolution
		{BB163237-684A-4657-AE64-4F1B4BA226C0}.Debug|Any CPU.ActiveCfg = Debug|Any CPU
		{BB163237-684A-4657-AE64-4F1B4BA226C0}.Debug|Any CPU.Build.0 = Debug|Any CPU
		{BB163237-684A-4657-AE64-4F1B4BA226C0}.Release|Any CPU.ActiveCfg = Release|Any CPU
		{BB163237-684A-4657-AE64-4F1B4BA226C0}.Release|Any CPU.Build.0 = Release|Any CPU
		{AF1A8ADD-1C6A-4A28-B765-914601234AFC}.Debug|Any CPU.ActiveCfg = Debug|Any CPU
		{AF1A8ADD-1C6A-4A28-B765-914601234AFC}.Debug|Any CPU.Build.0 = Debug|Any CPU
		{AF1A8ADD-1C6A-4A28-B765-914601234AFC}.Release|Any CPU.ActiveCfg = Release|Any CPU
		{AF1A8ADD-1C6A-4A28-B765-914601234AFC}.Release|Any CPU.Build.0 = Release|Any CPU
	EndGlobalSection
	GlobalSection(SolutionProperties) = preSolution
		HideSolutionNode = FALSE
	EndGlobalSection
EndGlobal
